// !$*UTF8*$!
{
	archiveVersion = 1;
	classes = {
	};
	objectVersion = 46;
	objects = {

/* Begin PBXBuildFile section */
		6DD59FA1C5C555022D9DE518 /* Pods_movieRaterUITests.framework in Frameworks */ = {isa = PBXBuildFile; fileRef = 25BAAD9641D0B57EF2426893 /* Pods_movieRaterUITests.framework */; };
		B6B6DFACD0494D16116E0310 /* Pods_movieRater.framework in Frameworks */ = {isa = PBXBuildFile; fileRef = E17A647D117D1147595CE079 /* Pods_movieRater.framework */; };
		FA435652509C18028DBAB1FA /* Pods_movieRaterTests.framework in Frameworks */ = {isa = PBXBuildFile; fileRef = A1F87D33431C430B728C4641 /* Pods_movieRaterTests.framework */; };
		FCB281181ECE0FAA0030728C /* GoogleService-Info.plist in Resources */ = {isa = PBXBuildFile; fileRef = FCB281171ECE0FAA0030728C /* GoogleService-Info.plist */; };
		FCB2811A1ECE12B40030728C /* KeychainService.swift in Sources */ = {isa = PBXBuildFile; fileRef = FCB281191ECE12B40030728C /* KeychainService.swift */; };
		FCFDAE3A1ECA302000D65A4C /* AppDelegate.swift in Sources */ = {isa = PBXBuildFile; fileRef = FCFDAE391ECA302000D65A4C /* AppDelegate.swift */; };
		FCFDAE3C1ECA302000D65A4C /* MovieViewController.swift in Sources */ = {isa = PBXBuildFile; fileRef = FCFDAE3B1ECA302000D65A4C /* MovieViewController.swift */; };
		FCFDAE3F1ECA302000D65A4C /* Main.storyboard in Resources */ = {isa = PBXBuildFile; fileRef = FCFDAE3D1ECA302000D65A4C /* Main.storyboard */; };
		FCFDAE421ECA302000D65A4C /* movieRater.xcdatamodeld in Sources */ = {isa = PBXBuildFile; fileRef = FCFDAE401ECA302000D65A4C /* movieRater.xcdatamodeld */; };
		FCFDAE441ECA302000D65A4C /* Assets.xcassets in Resources */ = {isa = PBXBuildFile; fileRef = FCFDAE431ECA302000D65A4C /* Assets.xcassets */; };
		FCFDAE471ECA302000D65A4C /* LaunchScreen.storyboard in Resources */ = {isa = PBXBuildFile; fileRef = FCFDAE451ECA302000D65A4C /* LaunchScreen.storyboard */; };
		FCFDAE521ECA302000D65A4C /* movieRaterTests.swift in Sources */ = {isa = PBXBuildFile; fileRef = FCFDAE511ECA302000D65A4C /* movieRaterTests.swift */; };
		FCFDAE5D1ECA302000D65A4C /* movieRaterUITests.swift in Sources */ = {isa = PBXBuildFile; fileRef = FCFDAE5C1ECA302000D65A4C /* movieRaterUITests.swift */; };
		FCFDAE6B1ECA4BF900D65A4C /* movieCell.swift in Sources */ = {isa = PBXBuildFile; fileRef = FCFDAE6A1ECA4BF900D65A4C /* movieCell.swift */; };
		FCFDAE6D1ECA523800D65A4C /* MovieDetailsViewController.swift in Sources */ = {isa = PBXBuildFile; fileRef = FCFDAE6C1ECA523800D65A4C /* MovieDetailsViewController.swift */; };
/* End PBXBuildFile section */

/* Begin PBXContainerItemProxy section */
		FCFDAE4E1ECA302000D65A4C /* PBXContainerItemProxy */ = {
			isa = PBXContainerItemProxy;
			containerPortal = FCFDAE2E1ECA301F00D65A4C /* Project object */;
			proxyType = 1;
			remoteGlobalIDString = FCFDAE351ECA301F00D65A4C;
			remoteInfo = movieRater;
		};
		FCFDAE591ECA302000D65A4C /* PBXContainerItemProxy */ = {
			isa = PBXContainerItemProxy;
			containerPortal = FCFDAE2E1ECA301F00D65A4C /* Project object */;
			proxyType = 1;
			remoteGlobalIDString = FCFDAE351ECA301F00D65A4C;
			remoteInfo = movieRater;
		};
/* End PBXContainerItemProxy section */

/* Begin PBXFileReference section */
		201DF4C816B66B20F2A36B03 /* Pods-movieRater.debug.xcconfig */ = {isa = PBXFileReference; includeInIndex = 1; lastKnownFileType = text.xcconfig; name = "Pods-movieRater.debug.xcconfig"; path = "Pods/Target Support Files/Pods-movieRater/Pods-movieRater.debug.xcconfig"; sourceTree = "<group>"; };
		21ADA84FB4DB17308639A4C5 /* Pods-movieRaterUITests.debug.xcconfig */ = {isa = PBXFileReference; includeInIndex = 1; lastKnownFileType = text.xcconfig; name = "Pods-movieRaterUITests.debug.xcconfig"; path = "Pods/Target Support Files/Pods-movieRaterUITests/Pods-movieRaterUITests.debug.xcconfig"; sourceTree = "<group>"; };
		25BAAD9641D0B57EF2426893 /* Pods_movieRaterUITests.framework */ = {isa = PBXFileReference; explicitFileType = wrapper.framework; includeInIndex = 0; path = Pods_movieRaterUITests.framework; sourceTree = BUILT_PRODUCTS_DIR; };
		28D7FDAB672718653BBE24C7 /* Pods-movieRaterUITests.release.xcconfig */ = {isa = PBXFileReference; includeInIndex = 1; lastKnownFileType = text.xcconfig; name = "Pods-movieRaterUITests.release.xcconfig"; path = "Pods/Target Support Files/Pods-movieRaterUITests/Pods-movieRaterUITests.release.xcconfig"; sourceTree = "<group>"; };
		29D3B981DE24DDEDAC84AA73 /* Pods-movieRaterTests.release.xcconfig */ = {isa = PBXFileReference; includeInIndex = 1; lastKnownFileType = text.xcconfig; name = "Pods-movieRaterTests.release.xcconfig"; path = "Pods/Target Support Files/Pods-movieRaterTests/Pods-movieRaterTests.release.xcconfig"; sourceTree = "<group>"; };
		A1F87D33431C430B728C4641 /* Pods_movieRaterTests.framework */ = {isa = PBXFileReference; explicitFileType = wrapper.framework; includeInIndex = 0; path = Pods_movieRaterTests.framework; sourceTree = BUILT_PRODUCTS_DIR; };
		A5044F4AC4B39A2F25EC6CE6 /* Pods-movieRater.release.xcconfig */ = {isa = PBXFileReference; includeInIndex = 1; lastKnownFileType = text.xcconfig; name = "Pods-movieRater.release.xcconfig"; path = "Pods/Target Support Files/Pods-movieRater/Pods-movieRater.release.xcconfig"; sourceTree = "<group>"; };
		AB6597B0E1E9D3947792FC5C /* Pods-movieRaterTests.debug.xcconfig */ = {isa = PBXFileReference; includeInIndex = 1; lastKnownFileType = text.xcconfig; name = "Pods-movieRaterTests.debug.xcconfig"; path = "Pods/Target Support Files/Pods-movieRaterTests/Pods-movieRaterTests.debug.xcconfig"; sourceTree = "<group>"; };
		E17A647D117D1147595CE079 /* Pods_movieRater.framework */ = {isa = PBXFileReference; explicitFileType = wrapper.framework; includeInIndex = 0; path = Pods_movieRater.framework; sourceTree = BUILT_PRODUCTS_DIR; };
		FCB281171ECE0FAA0030728C /* GoogleService-Info.plist */ = {isa = PBXFileReference; fileEncoding = 4; lastKnownFileType = text.plist.xml; path = "GoogleService-Info.plist"; sourceTree = "<group>"; };
		FCB281191ECE12B40030728C /* KeychainService.swift */ = {isa = PBXFileReference; fileEncoding = 4; lastKnownFileType = sourcecode.swift; path = KeychainService.swift; sourceTree = "<group>"; };
		FCFDAE361ECA302000D65A4C /* movieRater.app */ = {isa = PBXFileReference; explicitFileType = wrapper.application; includeInIndex = 0; path = movieRater.app; sourceTree = BUILT_PRODUCTS_DIR; };
		FCFDAE391ECA302000D65A4C /* AppDelegate.swift */ = {isa = PBXFileReference; lastKnownFileType = sourcecode.swift; path = AppDelegate.swift; sourceTree = "<group>"; };
		FCFDAE3B1ECA302000D65A4C /* MovieViewController.swift */ = {isa = PBXFileReference; lastKnownFileType = sourcecode.swift; path = MovieViewController.swift; sourceTree = "<group>"; };
		FCFDAE3E1ECA302000D65A4C /* Base */ = {isa = PBXFileReference; lastKnownFileType = file.storyboard; name = Base; path = Base.lproj/Main.storyboard; sourceTree = "<group>"; };
		FCFDAE411ECA302000D65A4C /* movieRater.xcdatamodel */ = {isa = PBXFileReference; lastKnownFileType = wrapper.xcdatamodel; path = movieRater.xcdatamodel; sourceTree = "<group>"; };
		FCFDAE431ECA302000D65A4C /* Assets.xcassets */ = {isa = PBXFileReference; lastKnownFileType = folder.assetcatalog; path = Assets.xcassets; sourceTree = "<group>"; };
		FCFDAE461ECA302000D65A4C /* Base */ = {isa = PBXFileReference; lastKnownFileType = file.storyboard; name = Base; path = Base.lproj/LaunchScreen.storyboard; sourceTree = "<group>"; };
		FCFDAE481ECA302000D65A4C /* Info.plist */ = {isa = PBXFileReference; lastKnownFileType = text.plist.xml; path = Info.plist; sourceTree = "<group>"; };
		FCFDAE4D1ECA302000D65A4C /* movieRaterTests.xctest */ = {isa = PBXFileReference; explicitFileType = wrapper.cfbundle; includeInIndex = 0; path = movieRaterTests.xctest; sourceTree = BUILT_PRODUCTS_DIR; };
		FCFDAE511ECA302000D65A4C /* movieRaterTests.swift */ = {isa = PBXFileReference; lastKnownFileType = sourcecode.swift; path = movieRaterTests.swift; sourceTree = "<group>"; };
		FCFDAE531ECA302000D65A4C /* Info.plist */ = {isa = PBXFileReference; lastKnownFileType = text.plist.xml; path = Info.plist; sourceTree = "<group>"; };
		FCFDAE581ECA302000D65A4C /* movieRaterUITests.xctest */ = {isa = PBXFileReference; explicitFileType = wrapper.cfbundle; includeInIndex = 0; path = movieRaterUITests.xctest; sourceTree = BUILT_PRODUCTS_DIR; };
		FCFDAE5C1ECA302000D65A4C /* movieRaterUITests.swift */ = {isa = PBXFileReference; lastKnownFileType = sourcecode.swift; path = movieRaterUITests.swift; sourceTree = "<group>"; };
		FCFDAE5E1ECA302000D65A4C /* Info.plist */ = {isa = PBXFileReference; lastKnownFileType = text.plist.xml; path = Info.plist; sourceTree = "<group>"; };
		FCFDAE6A1ECA4BF900D65A4C /* movieCell.swift */ = {isa = PBXFileReference; fileEncoding = 4; lastKnownFileType = sourcecode.swift; path = movieCell.swift; sourceTree = "<group>"; };
		FCFDAE6C1ECA523800D65A4C /* MovieDetailsViewController.swift */ = {isa = PBXFileReference; fileEncoding = 4; lastKnownFileType = sourcecode.swift; path = MovieDetailsViewController.swift; sourceTree = "<group>"; };
/* End PBXFileReference section */

/* Begin PBXFrameworksBuildPhase section */
		FCFDAE331ECA301F00D65A4C /* Frameworks */ = {
			isa = PBXFrameworksBuildPhase;
			buildActionMask = 2147483647;
			files = (
				B6B6DFACD0494D16116E0310 /* Pods_movieRater.framework in Frameworks */,
			);
			runOnlyForDeploymentPostprocessing = 0;
		};
		FCFDAE4A1ECA302000D65A4C /* Frameworks */ = {
			isa = PBXFrameworksBuildPhase;
			buildActionMask = 2147483647;
			files = (
				FA435652509C18028DBAB1FA /* Pods_movieRaterTests.framework in Frameworks */,
			);
			runOnlyForDeploymentPostprocessing = 0;
		};
		FCFDAE551ECA302000D65A4C /* Frameworks */ = {
			isa = PBXFrameworksBuildPhase;
			buildActionMask = 2147483647;
			files = (
				6DD59FA1C5C555022D9DE518 /* Pods_movieRaterUITests.framework in Frameworks */,
			);
			runOnlyForDeploymentPostprocessing = 0;
		};
/* End PBXFrameworksBuildPhase section */

/* Begin PBXGroup section */
		7D31C9BF3286A1CF468CAB9B /* Pods */ = {
			isa = PBXGroup;
			children = (
				201DF4C816B66B20F2A36B03 /* Pods-movieRater.debug.xcconfig */,
				A5044F4AC4B39A2F25EC6CE6 /* Pods-movieRater.release.xcconfig */,
				AB6597B0E1E9D3947792FC5C /* Pods-movieRaterTests.debug.xcconfig */,
				29D3B981DE24DDEDAC84AA73 /* Pods-movieRaterTests.release.xcconfig */,
				21ADA84FB4DB17308639A4C5 /* Pods-movieRaterUITests.debug.xcconfig */,
				28D7FDAB672718653BBE24C7 /* Pods-movieRaterUITests.release.xcconfig */,
			);
			name = Pods;
			sourceTree = "<group>";
		};
		A7B86F7DEE5A4E1993B384F4 /* Frameworks */ = {
			isa = PBXGroup;
			children = (
				E17A647D117D1147595CE079 /* Pods_movieRater.framework */,
				A1F87D33431C430B728C4641 /* Pods_movieRaterTests.framework */,
				25BAAD9641D0B57EF2426893 /* Pods_movieRaterUITests.framework */,
			);
			name = Frameworks;
			sourceTree = "<group>";
		};
		FCFDAE2D1ECA301F00D65A4C = {
			isa = PBXGroup;
			children = (
				FCFDAE381ECA302000D65A4C /* movieRater */,
				FCFDAE501ECA302000D65A4C /* movieRaterTests */,
				FCFDAE5B1ECA302000D65A4C /* movieRaterUITests */,
				FCFDAE371ECA302000D65A4C /* Products */,
				7D31C9BF3286A1CF468CAB9B /* Pods */,
				A7B86F7DEE5A4E1993B384F4 /* Frameworks */,
			);
			sourceTree = "<group>";
		};
		FCFDAE371ECA302000D65A4C /* Products */ = {
			isa = PBXGroup;
			children = (
				FCFDAE361ECA302000D65A4C /* movieRater.app */,
				FCFDAE4D1ECA302000D65A4C /* movieRaterTests.xctest */,
				FCFDAE581ECA302000D65A4C /* movieRaterUITests.xctest */,
			);
			name = Products;
			sourceTree = "<group>";
		};
		FCFDAE381ECA302000D65A4C /* movieRater */ = {
			isa = PBXGroup;
			children = (
				FCFDAE391ECA302000D65A4C /* AppDelegate.swift */,
				FCFDAE3B1ECA302000D65A4C /* MovieViewController.swift */,
				FCFDAE6C1ECA523800D65A4C /* MovieDetailsViewController.swift */,
				FCFDAE6A1ECA4BF900D65A4C /* movieCell.swift */,
				FCB281191ECE12B40030728C /* KeychainService.swift */,
				FCFDAE3D1ECA302000D65A4C /* Main.storyboard */,
				FCFDAE431ECA302000D65A4C /* Assets.xcassets */,
				FCFDAE451ECA302000D65A4C /* LaunchScreen.storyboard */,
				FCFDAE481ECA302000D65A4C /* Info.plist */,
				FCB281171ECE0FAA0030728C /* GoogleService-Info.plist */,
				FCFDAE401ECA302000D65A4C /* movieRater.xcdatamodeld */,
			);
			path = movieRater;
			sourceTree = "<group>";
		};
		FCFDAE501ECA302000D65A4C /* movieRaterTests */ = {
			isa = PBXGroup;
			children = (
				FCFDAE511ECA302000D65A4C /* movieRaterTests.swift */,
				FCFDAE531ECA302000D65A4C /* Info.plist */,
			);
			path = movieRaterTests;
			sourceTree = "<group>";
		};
		FCFDAE5B1ECA302000D65A4C /* movieRaterUITests */ = {
			isa = PBXGroup;
			children = (
				FCFDAE5C1ECA302000D65A4C /* movieRaterUITests.swift */,
				FCFDAE5E1ECA302000D65A4C /* Info.plist */,
			);
			path = movieRaterUITests;
			sourceTree = "<group>";
		};
/* End PBXGroup section */

/* Begin PBXNativeTarget section */
		FCFDAE351ECA301F00D65A4C /* movieRater */ = {
			isa = PBXNativeTarget;
			buildConfigurationList = FCFDAE611ECA302000D65A4C /* Build configuration list for PBXNativeTarget "movieRater" */;
			buildPhases = (
				7857AB9253582D4D1B9BEC5B /* [CP] Check Pods Manifest.lock */,
				FCFDAE321ECA301F00D65A4C /* Sources */,
				FCFDAE331ECA301F00D65A4C /* Frameworks */,
				FCFDAE341ECA301F00D65A4C /* Resources */,
				C54303CC6F29B9E7BFD367FB /* [CP] Embed Pods Frameworks */,
				610B358AED833D63D865365B /* [CP] Copy Pods Resources */,
			);
			buildRules = (
			);
			dependencies = (
			);
			name = movieRater;
			productName = movieRater;
			productReference = FCFDAE361ECA302000D65A4C /* movieRater.app */;
			productType = "com.apple.product-type.application";
		};
		FCFDAE4C1ECA302000D65A4C /* movieRaterTests */ = {
			isa = PBXNativeTarget;
			buildConfigurationList = FCFDAE641ECA302000D65A4C /* Build configuration list for PBXNativeTarget "movieRaterTests" */;
			buildPhases = (
				D65AB5937AA654D75818628E /* [CP] Check Pods Manifest.lock */,
				FCFDAE491ECA302000D65A4C /* Sources */,
				FCFDAE4A1ECA302000D65A4C /* Frameworks */,
				FCFDAE4B1ECA302000D65A4C /* Resources */,
				9A31D508650190C063DD28BF /* [CP] Embed Pods Frameworks */,
				FDA748956B7DAD930A66BA5E /* [CP] Copy Pods Resources */,
			);
			buildRules = (
			);
			dependencies = (
				FCFDAE4F1ECA302000D65A4C /* PBXTargetDependency */,
			);
			name = movieRaterTests;
			productName = movieRaterTests;
			productReference = FCFDAE4D1ECA302000D65A4C /* movieRaterTests.xctest */;
			productType = "com.apple.product-type.bundle.unit-test";
		};
		FCFDAE571ECA302000D65A4C /* movieRaterUITests */ = {
			isa = PBXNativeTarget;
			buildConfigurationList = FCFDAE671ECA302000D65A4C /* Build configuration list for PBXNativeTarget "movieRaterUITests" */;
			buildPhases = (
				A9D4F3736B38D76748EA0B54 /* [CP] Check Pods Manifest.lock */,
				FCFDAE541ECA302000D65A4C /* Sources */,
				FCFDAE551ECA302000D65A4C /* Frameworks */,
				FCFDAE561ECA302000D65A4C /* Resources */,
				F2A6FE1840F74ACCF515902C /* [CP] Embed Pods Frameworks */,
				9DF46B055EE4BC8F52438610 /* [CP] Copy Pods Resources */,
			);
			buildRules = (
			);
			dependencies = (
				FCFDAE5A1ECA302000D65A4C /* PBXTargetDependency */,
			);
			name = movieRaterUITests;
			productName = movieRaterUITests;
			productReference = FCFDAE581ECA302000D65A4C /* movieRaterUITests.xctest */;
			productType = "com.apple.product-type.bundle.ui-testing";
		};
/* End PBXNativeTarget section */

/* Begin PBXProject section */
		FCFDAE2E1ECA301F00D65A4C /* Project object */ = {
			isa = PBXProject;
			attributes = {
				LastSwiftUpdateCheck = 0820;
				LastUpgradeCheck = 0820;
				ORGANIZATIONNAME = "Dylan Sharkey";
				TargetAttributes = {
					FCFDAE351ECA301F00D65A4C = {
						CreatedOnToolsVersion = 8.2.1;
						DevelopmentTeam = 7UQN4YEY7D;
						ProvisioningStyle = Automatic;
					};
					FCFDAE4C1ECA302000D65A4C = {
						CreatedOnToolsVersion = 8.2.1;
						DevelopmentTeam = 7UQN4YEY7D;
						ProvisioningStyle = Automatic;
						TestTargetID = FCFDAE351ECA301F00D65A4C;
					};
					FCFDAE571ECA302000D65A4C = {
						CreatedOnToolsVersion = 8.2.1;
						DevelopmentTeam = 7UQN4YEY7D;
						ProvisioningStyle = Automatic;
						TestTargetID = FCFDAE351ECA301F00D65A4C;
					};
				};
			};
			buildConfigurationList = FCFDAE311ECA301F00D65A4C /* Build configuration list for PBXProject "movieRater" */;
			compatibilityVersion = "Xcode 3.2";
			developmentRegion = English;
			hasScannedForEncodings = 0;
			knownRegions = (
				en,
				Base,
			);
			mainGroup = FCFDAE2D1ECA301F00D65A4C;
			productRefGroup = FCFDAE371ECA302000D65A4C /* Products */;
			projectDirPath = "";
			projectRoot = "";
			targets = (
				FCFDAE351ECA301F00D65A4C /* movieRater */,
				FCFDAE4C1ECA302000D65A4C /* movieRaterTests */,
				FCFDAE571ECA302000D65A4C /* movieRaterUITests */,
			);
		};
/* End PBXProject section */

/* Begin PBXResourcesBuildPhase section */
		FCFDAE341ECA301F00D65A4C /* Resources */ = {
			isa = PBXResourcesBuildPhase;
			buildActionMask = 2147483647;
			files = (
				FCFDAE471ECA302000D65A4C /* LaunchScreen.storyboard in Resources */,
				FCB281181ECE0FAA0030728C /* GoogleService-Info.plist in Resources */,
				FCFDAE441ECA302000D65A4C /* Assets.xcassets in Resources */,
				FCFDAE3F1ECA302000D65A4C /* Main.storyboard in Resources */,
			);
			runOnlyForDeploymentPostprocessing = 0;
		};
		FCFDAE4B1ECA302000D65A4C /* Resources */ = {
			isa = PBXResourcesBuildPhase;
			buildActionMask = 2147483647;
			files = (
			);
			runOnlyForDeploymentPostprocessing = 0;
		};
		FCFDAE561ECA302000D65A4C /* Resources */ = {
			isa = PBXResourcesBuildPhase;
			buildActionMask = 2147483647;
			files = (
			);
			runOnlyForDeploymentPostprocessing = 0;
		};
/* End PBXResourcesBuildPhase section */

/* Begin PBXShellScriptBuildPhase section */
		610B358AED833D63D865365B /* [CP] Copy Pods Resources */ = {
			isa = PBXShellScriptBuildPhase;
			buildActionMask = 2147483647;
			files = (
			);
			inputPaths = (
			);
			name = "[CP] Copy Pods Resources";
			outputPaths = (
			);
			runOnlyForDeploymentPostprocessing = 0;
			shellPath = /bin/sh;
			shellScript = "\"${SRCROOT}/Pods/Target Support Files/Pods-movieRater/Pods-movieRater-resources.sh\"\n";
			showEnvVarsInLog = 0;
		};
		7857AB9253582D4D1B9BEC5B /* [CP] Check Pods Manifest.lock */ = {
			isa = PBXShellScriptBuildPhase;
			buildActionMask = 2147483647;
			files = (
			);
			inputPaths = (
			);
			name = "[CP] Check Pods Manifest.lock";
			outputPaths = (
			);
			runOnlyForDeploymentPostprocessing = 0;
			shellPath = /bin/sh;
			shellScript = "diff \"${PODS_PODFILE_DIR_PATH}/Podfile.lock\" \"${PODS_ROOT}/Manifest.lock\" > /dev/null\nif [ $? != 0 ] ; then\n    # print error to STDERR\n    echo \"error: The sandbox is not in sync with the Podfile.lock. Run 'pod install' or update your CocoaPods installation.\" >&2\n    exit 1\nfi\n";
			showEnvVarsInLog = 0;
		};
		9A31D508650190C063DD28BF /* [CP] Embed Pods Frameworks */ = {
			isa = PBXShellScriptBuildPhase;
			buildActionMask = 2147483647;
			files = (
			);
			inputPaths = (
			);
			name = "[CP] Embed Pods Frameworks";
			outputPaths = (
			);
			runOnlyForDeploymentPostprocessing = 0;
			shellPath = /bin/sh;
			shellScript = "\"${SRCROOT}/Pods/Target Support Files/Pods-movieRaterTests/Pods-movieRaterTests-frameworks.sh\"\n";
			showEnvVarsInLog = 0;
		};
		9DF46B055EE4BC8F52438610 /* [CP] Copy Pods Resources */ = {
			isa = PBXShellScriptBuildPhase;
			buildActionMask = 2147483647;
			files = (
			);
			inputPaths = (
			);
			name = "[CP] Copy Pods Resources";
			outputPaths = (
			);
			runOnlyForDeploymentPostprocessing = 0;
			shellPath = /bin/sh;
			shellScript = "\"${SRCROOT}/Pods/Target Support Files/Pods-movieRaterUITests/Pods-movieRaterUITests-resources.sh\"\n";
			showEnvVarsInLog = 0;
		};
		A9D4F3736B38D76748EA0B54 /* [CP] Check Pods Manifest.lock */ = {
			isa = PBXShellScriptBuildPhase;
			buildActionMask = 2147483647;
			files = (
			);
			inputPaths = (
			);
			name = "[CP] Check Pods Manifest.lock";
			outputPaths = (
			);
			runOnlyForDeploymentPostprocessing = 0;
			shellPath = /bin/sh;
			shellScript = "diff \"${PODS_PODFILE_DIR_PATH}/Podfile.lock\" \"${PODS_ROOT}/Manifest.lock\" > /dev/null\nif [ $? != 0 ] ; then\n    # print error to STDERR\n    echo \"error: The sandbox is not in sync with the Podfile.lock. Run 'pod install' or update your CocoaPods installation.\" >&2\n    exit 1\nfi\n";
			showEnvVarsInLog = 0;
		};
		C54303CC6F29B9E7BFD367FB /* [CP] Embed Pods Frameworks */ = {
			isa = PBXShellScriptBuildPhase;
			buildActionMask = 2147483647;
			files = (
			);
			inputPaths = (
			);
			name = "[CP] Embed Pods Frameworks";
			outputPaths = (
			);
			runOnlyForDeploymentPostprocessing = 0;
			shellPath = /bin/sh;
			shellScript = "\"${SRCROOT}/Pods/Target Support Files/Pods-movieRater/Pods-movieRater-frameworks.sh\"\n";
			showEnvVarsInLog = 0;
		};
		D65AB5937AA654D75818628E /* [CP] Check Pods Manifest.lock */ = {
			isa = PBXShellScriptBuildPhase;
			buildActionMask = 2147483647;
			files = (
			);
			inputPaths = (
			);
			name = "[CP] Check Pods Manifest.lock";
			outputPaths = (
			);
			runOnlyForDeploymentPostprocessing = 0;
			shellPath = /bin/sh;
			shellScript = "diff \"${PODS_PODFILE_DIR_PATH}/Podfile.lock\" \"${PODS_ROOT}/Manifest.lock\" > /dev/null\nif [ $? != 0 ] ; then\n    # print error to STDERR\n    echo \"error: The sandbox is not in sync with the Podfile.lock. Run 'pod install' or update your CocoaPods installation.\" >&2\n    exit 1\nfi\n";
			showEnvVarsInLog = 0;
		};
		F2A6FE1840F74ACCF515902C /* [CP] Embed Pods Frameworks */ = {
			isa = PBXShellScriptBuildPhase;
			buildActionMask = 2147483647;
			files = (
			);
			inputPaths = (
			);
			name = "[CP] Embed Pods Frameworks";
			outputPaths = (
			);
			runOnlyForDeploymentPostprocessing = 0;
			shellPath = /bin/sh;
			shellScript = "\"${SRCROOT}/Pods/Target Support Files/Pods-movieRaterUITests/Pods-movieRaterUITests-frameworks.sh\"\n";
			showEnvVarsInLog = 0;
		};
		FDA748956B7DAD930A66BA5E /* [CP] Copy Pods Resources */ = {
			isa = PBXShellScriptBuildPhase;
			buildActionMask = 2147483647;
			files = (
			);
			inputPaths = (
			);
			name = "[CP] Copy Pods Resources";
			outputPaths = (
			);
			runOnlyForDeploymentPostprocessing = 0;
			shellPath = /bin/sh;
			shellScript = "\"${SRCROOT}/Pods/Target Support Files/Pods-movieRaterTests/Pods-movieRaterTests-resources.sh\"\n";
			showEnvVarsInLog = 0;
		};
/* End PBXShellScriptBuildPhase section */

/* Begin PBXSourcesBuildPhase section */
		FCFDAE321ECA301F00D65A4C /* Sources */ = {
			isa = PBXSourcesBuildPhase;
			buildActionMask = 2147483647;
			files = (
				FCFDAE6D1ECA523800D65A4C /* MovieDetailsViewController.swift in Sources */,
				FCFDAE421ECA302000D65A4C /* movieRater.xcdatamodeld in Sources */,
				FCFDAE3C1ECA302000D65A4C /* MovieViewController.swift in Sources */,
				FCFDAE6B1ECA4BF900D65A4C /* movieCell.swift in Sources */,
				FCFDAE3A1ECA302000D65A4C /* AppDelegate.swift in Sources */,
				FCB2811A1ECE12B40030728C /* KeychainService.swift in Sources */,
			);
			runOnlyForDeploymentPostprocessing = 0;
		};
		FCFDAE491ECA302000D65A4C /* Sources */ = {
			isa = PBXSourcesBuildPhase;
			buildActionMask = 2147483647;
			files = (
				FCFDAE521ECA302000D65A4C /* movieRaterTests.swift in Sources */,
			);
			runOnlyForDeploymentPostprocessing = 0;
		};
		FCFDAE541ECA302000D65A4C /* Sources */ = {
			isa = PBXSourcesBuildPhase;
			buildActionMask = 2147483647;
			files = (
				FCFDAE5D1ECA302000D65A4C /* movieRaterUITests.swift in Sources */,
			);
			runOnlyForDeploymentPostprocessing = 0;
		};
/* End PBXSourcesBuildPhase section */

/* Begin PBXTargetDependency section */
		FCFDAE4F1ECA302000D65A4C /* PBXTargetDependency */ = {
			isa = PBXTargetDependency;
			target = FCFDAE351ECA301F00D65A4C /* movieRater */;
			targetProxy = FCFDAE4E1ECA302000D65A4C /* PBXContainerItemProxy */;
		};
		FCFDAE5A1ECA302000D65A4C /* PBXTargetDependency */ = {
			isa = PBXTargetDependency;
			target = FCFDAE351ECA301F00D65A4C /* movieRater */;
			targetProxy = FCFDAE591ECA302000D65A4C /* PBXContainerItemProxy */;
		};
/* End PBXTargetDependency section */

/* Begin PBXVariantGroup section */
		FCFDAE3D1ECA302000D65A4C /* Main.storyboard */ = {
			isa = PBXVariantGroup;
			children = (
				FCFDAE3E1ECA302000D65A4C /* Base */,
			);
			name = Main.storyboard;
			sourceTree = "<group>";
		};
		FCFDAE451ECA302000D65A4C /* LaunchScreen.storyboard */ = {
			isa = PBXVariantGroup;
			children = (
				FCFDAE461ECA302000D65A4C /* Base */,
			);
			name = LaunchScreen.storyboard;
			sourceTree = "<group>";
		};
/* End PBXVariantGroup section */

/* Begin XCBuildConfiguration section */
		FCFDAE5F1ECA302000D65A4C /* Debug */ = {
			isa = XCBuildConfiguration;
			buildSettings = {
				ALWAYS_SEARCH_USER_PATHS = NO;
				CLANG_ANALYZER_NONNULL = YES;
				CLANG_CXX_LANGUAGE_STANDARD = "gnu++0x";
				CLANG_CXX_LIBRARY = "libc++";
				CLANG_ENABLE_MODULES = YES;
				CLANG_ENABLE_OBJC_ARC = YES;
				CLANG_WARN_BOOL_CONVERSION = YES;
				CLANG_WARN_CONSTANT_CONVERSION = YES;
				CLANG_WARN_DIRECT_OBJC_ISA_USAGE = YES_ERROR;
				CLANG_WARN_DOCUMENTATION_COMMENTS = YES;
				CLANG_WARN_EMPTY_BODY = YES;
				CLANG_WARN_ENUM_CONVERSION = YES;
				CLANG_WARN_INFINITE_RECURSION = YES;
				CLANG_WARN_INT_CONVERSION = YES;
				CLANG_WARN_OBJC_ROOT_CLASS = YES_ERROR;
				CLANG_WARN_SUSPICIOUS_MOVE = YES;
				CLANG_WARN_UNREACHABLE_CODE = YES;
				CLANG_WARN__DUPLICATE_METHOD_MATCH = YES;
				"CODE_SIGN_IDENTITY[sdk=iphoneos*]" = "iPhone Developer";
				COPY_PHASE_STRIP = NO;
				DEBUG_INFORMATION_FORMAT = dwarf;
				ENABLE_STRICT_OBJC_MSGSEND = YES;
				ENABLE_TESTABILITY = YES;
				GCC_C_LANGUAGE_STANDARD = gnu99;
				GCC_DYNAMIC_NO_PIC = NO;
				GCC_NO_COMMON_BLOCKS = YES;
				GCC_OPTIMIZATION_LEVEL = 0;
				GCC_PREPROCESSOR_DEFINITIONS = (
					"DEBUG=1",
					"$(inherited)",
				);
				GCC_WARN_64_TO_32_BIT_CONVERSION = YES;
				GCC_WARN_ABOUT_RETURN_TYPE = YES_ERROR;
				GCC_WARN_UNDECLARED_SELECTOR = YES;
				GCC_WARN_UNINITIALIZED_AUTOS = YES_AGGRESSIVE;
				GCC_WARN_UNUSED_FUNCTION = YES;
				GCC_WARN_UNUSED_VARIABLE = YES;
				IPHONEOS_DEPLOYMENT_TARGET = 10.2;
				MTL_ENABLE_DEBUG_INFO = YES;
				ONLY_ACTIVE_ARCH = YES;
				SDKROOT = iphoneos;
				SWIFT_ACTIVE_COMPILATION_CONDITIONS = DEBUG;
				SWIFT_OPTIMIZATION_LEVEL = "-Onone";
				TARGETED_DEVICE_FAMILY = "1,2";
			};
			name = Debug;
		};
		FCFDAE601ECA302000D65A4C /* Release */ = {
			isa = XCBuildConfiguration;
			buildSettings = {
				ALWAYS_SEARCH_USER_PATHS = NO;
				CLANG_ANALYZER_NONNULL = YES;
				CLANG_CXX_LANGUAGE_STANDARD = "gnu++0x";
				CLANG_CXX_LIBRARY = "libc++";
				CLANG_ENABLE_MODULES = YES;
				CLANG_ENABLE_OBJC_ARC = YES;
				CLANG_WARN_BOOL_CONVERSION = YES;
				CLANG_WARN_CONSTANT_CONVERSION = YES;
				CLANG_WARN_DIRECT_OBJC_ISA_USAGE = YES_ERROR;
				CLANG_WARN_DOCUMENTATION_COMMENTS = YES;
				CLANG_WARN_EMPTY_BODY = YES;
				CLANG_WARN_ENUM_CONVERSION = YES;
				CLANG_WARN_INFINITE_RECURSION = YES;
				CLANG_WARN_INT_CONVERSION = YES;
				CLANG_WARN_OBJC_ROOT_CLASS = YES_ERROR;
				CLANG_WARN_SUSPICIOUS_MOVE = YES;
				CLANG_WARN_UNREACHABLE_CODE = YES;
				CLANG_WARN__DUPLICATE_METHOD_MATCH = YES;
				"CODE_SIGN_IDENTITY[sdk=iphoneos*]" = "iPhone Developer";
				COPY_PHASE_STRIP = NO;
				DEBUG_INFORMATION_FORMAT = "dwarf-with-dsym";
				ENABLE_NS_ASSERTIONS = NO;
				ENABLE_STRICT_OBJC_MSGSEND = YES;
				GCC_C_LANGUAGE_STANDARD = gnu99;
				GCC_NO_COMMON_BLOCKS = YES;
				GCC_WARN_64_TO_32_BIT_CONVERSION = YES;
				GCC_WARN_ABOUT_RETURN_TYPE = YES_ERROR;
				GCC_WARN_UNDECLARED_SELECTOR = YES;
				GCC_WARN_UNINITIALIZED_AUTOS = YES_AGGRESSIVE;
				GCC_WARN_UNUSED_FUNCTION = YES;
				GCC_WARN_UNUSED_VARIABLE = YES;
				IPHONEOS_DEPLOYMENT_TARGET = 10.2;
				MTL_ENABLE_DEBUG_INFO = NO;
				SDKROOT = iphoneos;
				SWIFT_OPTIMIZATION_LEVEL = "-Owholemodule";
				TARGETED_DEVICE_FAMILY = "1,2";
				VALIDATE_PRODUCT = YES;
			};
			name = Release;
		};
		FCFDAE621ECA302000D65A4C /* Debug */ = {
			isa = XCBuildConfiguration;
			baseConfigurationReference = 201DF4C816B66B20F2A36B03 /* Pods-movieRater.debug.xcconfig */;
			buildSettings = {
				ASSETCATALOG_COMPILER_APPICON_NAME = AppIcon;
				DEVELOPMENT_TEAM = 7UQN4YEY7D;
				INFOPLIST_FILE = movieRater/Info.plist;
				LD_RUNPATH_SEARCH_PATHS = "$(inherited) @executable_path/Frameworks";
				PRODUCT_BUNDLE_IDENTIFIER = com.DShark.movieRater;
				PRODUCT_NAME = "$(TARGET_NAME)";
				SWIFT_VERSION = 3.0;
			};
			name = Debug;
		};
		FCFDAE631ECA302000D65A4C /* Release */ = {
			isa = XCBuildConfiguration;
			baseConfigurationReference = A5044F4AC4B39A2F25EC6CE6 /* Pods-movieRater.release.xcconfig */;
			buildSettings = {
				ASSETCATALOG_COMPILER_APPICON_NAME = AppIcon;
				DEVELOPMENT_TEAM = 7UQN4YEY7D;
				INFOPLIST_FILE = movieRater/Info.plist;
				LD_RUNPATH_SEARCH_PATHS = "$(inherited) @executable_path/Frameworks";
				PRODUCT_BUNDLE_IDENTIFIER = com.DShark.movieRater;
				PRODUCT_NAME = "$(TARGET_NAME)";
				SWIFT_VERSION = 3.0;
			};
			name = Release;
		};
		FCFDAE651ECA302000D65A4C /* Debug */ = {
			isa = XCBuildConfiguration;
			baseConfigurationReference = AB6597B0E1E9D3947792FC5C /* Pods-movieRaterTests.debug.xcconfig */;
			buildSettings = {
				ALWAYS_EMBED_SWIFT_STANDARD_LIBRARIES = YES;
				BUNDLE_LOADER = "$(TEST_HOST)";
				DEVELOPMENT_TEAM = 7UQN4YEY7D;
				INFOPLIST_FILE = movieRaterTests/Info.plist;
				LD_RUNPATH_SEARCH_PATHS = "$(inherited) @executable_path/Frameworks @loader_path/Frameworks";
				PRODUCT_BUNDLE_IDENTIFIER = com.DShark.movieRaterTests;
				PRODUCT_NAME = "$(TARGET_NAME)";
				SWIFT_VERSION = 3.0;
				TEST_HOST = "$(BUILT_PRODUCTS_DIR)/movieRater.app/movieRater";
			};
			name = Debug;
		};
		FCFDAE661ECA302000D65A4C /* Release */ = {
			isa = XCBuildConfiguration;
			baseConfigurationReference = 29D3B981DE24DDEDAC84AA73 /* Pods-movieRaterTests.release.xcconfig */;
			buildSettings = {
				ALWAYS_EMBED_SWIFT_STANDARD_LIBRARIES = YES;
				BUNDLE_LOADER = "$(TEST_HOST)";
				DEVELOPMENT_TEAM = 7UQN4YEY7D;
				INFOPLIST_FILE = movieRaterTests/Info.plist;
				LD_RUNPATH_SEARCH_PATHS = "$(inherited) @executable_path/Frameworks @loader_path/Frameworks";
				PRODUCT_BUNDLE_IDENTIFIER = com.DShark.movieRaterTests;
				PRODUCT_NAME = "$(TARGET_NAME)";
				SWIFT_VERSION = 3.0;
				TEST_HOST = "$(BUILT_PRODUCTS_DIR)/movieRater.app/movieRater";
			};
			name = Release;
		};
		FCFDAE681ECA302000D65A4C /* Debug */ = {
			isa = XCBuildConfiguration;
			baseConfigurationReference = 21ADA84FB4DB17308639A4C5 /* Pods-movieRaterUITests.debug.xcconfig */;
			buildSettings = {
				ALWAYS_EMBED_SWIFT_STANDARD_LIBRARIES = YES;
				DEVELOPMENT_TEAM = 7UQN4YEY7D;
				INFOPLIST_FILE = movieRaterUITests/Info.plist;
				LD_RUNPATH_SEARCH_PATHS = "$(inherited) @executable_path/Frameworks @loader_path/Frameworks";
				PRODUCT_BUNDLE_IDENTIFIER = com.DShark.movieRaterUITests;
				PRODUCT_NAME = "$(TARGET_NAME)";
				SWIFT_VERSION = 3.0;
				TEST_TARGET_NAME = movieRater;
			};
			name = Debug;
		};
		FCFDAE691ECA302000D65A4C /* Release */ = {
			isa = XCBuildConfiguration;
			baseConfigurationReference = 28D7FDAB672718653BBE24C7 /* Pods-movieRaterUITests.release.xcconfig */;
			buildSettings = {
				ALWAYS_EMBED_SWIFT_STANDARD_LIBRARIES = YES;
				DEVELOPMENT_TEAM = 7UQN4YEY7D;
				INFOPLIST_FILE = movieRaterUITests/Info.plist;
				LD_RUNPATH_SEARCH_PATHS = "$(inherited) @executable_path/Frameworks @loader_path/Frameworks";
				PRODUCT_BUNDLE_IDENTIFIER = com.DShark.movieRaterUITests;
				PRODUCT_NAME = "$(TARGET_NAME)";
				SWIFT_VERSION = 3.0;
				TEST_TARGET_NAME = movieRater;
			};
			name = Release;
		};
/* End XCBuildConfiguration section */

/* Begin XCConfigurationList section */
		FCFDAE311ECA301F00D65A4C /* Build configuration list for PBXProject "movieRater" */ = {
			isa = XCConfigurationList;
			buildConfigurations = (
				FCFDAE5F1ECA302000D65A4C /* Debug */,
				FCFDAE601ECA302000D65A4C /* Release */,
			);
			defaultConfigurationIsVisible = 0;
			defaultConfigurationName = Release;
		};
		FCFDAE611ECA302000D65A4C /* Build configuration list for PBXNativeTarget "movieRater" */ = {
			isa = XCConfigurationList;
			buildConfigurations = (
				FCFDAE621ECA302000D65A4C /* Debug */,
				FCFDAE631ECA302000D65A4C /* Release */,
			);
			defaultConfigurationIsVisible = 0;
			defaultConfigurationName = Release;
		};
		FCFDAE641ECA302000D65A4C /* Build configuration list for PBXNativeTarget "movieRaterTests" */ = {
			isa = XCConfigurationList;
			buildConfigurations = (
				FCFDAE651ECA302000D65A4C /* Debug */,
				FCFDAE661ECA302000D65A4C /* Release */,
			);
			defaultConfigurationIsVisible = 0;
			defaultConfigurationName = Release;
		};
		FCFDAE671ECA302000D65A4C /* Build configuration list for PBXNativeTarget "movieRaterUITests" */ = {
			isa = XCConfigurationList;
			buildConfigurations = (
				FCFDAE681ECA302000D65A4C /* Debug */,
				FCFDAE691ECA302000D65A4C /* Release */,
			);
			defaultConfigurationIsVisible = 0;
			defaultConfigurationName = Release;
		};
/* End XCConfigurationList section */

/* Begin XCVersionGroup section */
		FCFDAE401ECA302000D65A4C /* movieRater.xcdatamodeld */ = {
			isa = XCVersionGroup;
			children = (
				FCFDAE411ECA302000D65A4C /* movieRater.xcdatamodel */,
			);
			currentVersion = FCFDAE411ECA302000D65A4C /* movieRater.xcdatamodel */;
			path = movieRater.xcdatamodeld;
			sourceTree = "<group>";
			versionGroupType = wrapper.xcdatamodel;
		};
/* End XCVersionGroup section */
	};
	rootObject = FCFDAE2E1ECA301F00D65A4C /* Project object */;
}
